
Microsoft Visual Studio Solution File, Format Version 12.00
# Visual Studio Version 16
VisualStudioVersion = 16.0.29020.237
MinimumVisualStudioVersion = 10.0.40219.1
Project("{9A19103F-16F7-4668-BE54-9A1E7A4F7556}") = "App.Application", "srcApp\App.Application\App.Application.csproj", "{1A94A50E-06DC-43C1-80B5-B662820EC3EB}"
EndProject
Project("{2150E333-8FDC-42A3-9474-1A3956D46DE8}") = "srcApp", "srcApp", "{CA9AC87F-097E-4F15-8393-4BC07735A5B0}"
EndProject
Project("{9A19103F-16F7-4668-BE54-9A1E7A4F7556}") = "App.Application.Contracts", "srcApp\App.Application.Contracts\App.Application.Contracts.csproj", "{520659C8-C734-4298-A3DA-B539DB9DFC0B}"
EndProject
Project("{9A19103F-16F7-4668-BE54-9A1E7A4F7556}") = "App.HttpApi", "srcApp\App.HttpApi\App.HttpApi.csproj", "{4164BDF7-F527-4E85-9CE6-E3C2D7426A27}"
EndProject
Project("{9A19103F-16F7-4668-BE54-9A1E7A4F7556}") = "App.HttpApi.Host", "srcApp\App.HttpApi.Host\App.HttpApi.Host.csproj", "{E6D5BF0E-DE92-4D82-A352-EF04B37CB11C}"
EndProject
Project("{2150E333-8FDC-42A3-9474-1A3956D46DE8}") = "srcModule1", "srcModule1", "{265E307A-6FFB-44F4-9652-347D2E02FB15}"
EndProject
Project("{2150E333-8FDC-42A3-9474-1A3956D46DE8}") = "srcModule2", "srcModule2", "{C9D3E7E4-CB57-4429-8D16-D1B4DB8ADE07}"
EndProject
Project("{9A19103F-16F7-4668-BE54-9A1E7A4F7556}") = "Module1.Application", "srcModule1\src\Module1.Application\Module1.Application.csproj", "{770D5CE8-B39E-4A2F-AA6A-7952984103E2}"
EndProject
Project("{9A19103F-16F7-4668-BE54-9A1E7A4F7556}") = "Module1.Application.Contracts", "srcModule1\src\Module1.Application.Contracts\Module1.Application.Contracts.csproj", "{B8034F9F-C228-4727-B569-E3CD95E60457}"
EndProject
Project("{9A19103F-16F7-4668-BE54-9A1E7A4F7556}") = "Module1.HttpApi", "srcModule1\src\Module1.HttpApi\Module1.HttpApi.csproj", "{3435AFC6-8303-48C1-A148-6B335B6DB746}"
EndProject
Project("{9A19103F-16F7-4668-BE54-9A1E7A4F7556}") = "Module1.HttpApi.Client", "srcModule1\src\Module1.HttpApi.Client\Module1.HttpApi.Client.csproj", "{966D38F8-9E35-468F-A2FF-80789554145A}"
EndProject
Project("{9A19103F-16F7-4668-BE54-9A1E7A4F7556}") = "Module1.HttpApi.Host", "srcModule1\src\Module1.HttpApi.Host\Module1.HttpApi.Host.csproj", "{27E11CCB-58A8-4016-B5EB-D9F03D1250EC}"
EndProject
Project("{9A19103F-16F7-4668-BE54-9A1E7A4F7556}") = "Module2.Application", "srcModule2\src\Module2.Application\Module2.Application.csproj", "{AC3A2B5F-289B-471D-85BE-F4B3805421A2}"
EndProject
Project("{9A19103F-16F7-4668-BE54-9A1E7A4F7556}") = "Module2.Application.Contracts", "srcModule2\src\Module2.Application.Contracts\Module2.Application.Contracts.csproj", "{745ED4B7-9E92-4BDC-BF28-40A936C0A92E}"
EndProject
Project("{9A19103F-16F7-4668-BE54-9A1E7A4F7556}") = "Module2.HttpApi", "srcModule2\src\Module2.HttpApi\Module2.HttpApi.csproj", "{A25820B9-677A-47C1-A2E0-9B37CF5BFB44}"
EndProject
Project("{9A19103F-16F7-4668-BE54-9A1E7A4F7556}") = "Module2.HttpApi.Client", "srcModule2\src\Module2.HttpApi.Client\Module2.HttpApi.Client.csproj", "{36046582-806B-41F4-AE1C-98A8611998C9}"
EndProject
Project("{9A19103F-16F7-4668-BE54-9A1E7A4F7556}") = "Module2.HttpApi.Host", "srcModule2\src\Module2.HttpApi.Host\Module2.HttpApi.Host.csproj", "{F78D86A9-9350-4F87-A06E-A23CDCBA849C}"
EndProject
Project("{2150E333-8FDC-42A3-9474-1A3956D46DE8}") = "moduleCommon", "moduleCommon", "{BC7067FF-52C7-49F7-B580-749F4B221720}"
EndProject
Project("{9A19103F-16F7-4668-BE54-9A1E7A4F7556}") = "AbpOcelot", "AbpOcelot\AbpOcelot.csproj", "{6273BCFB-237D-45A0-ACAF-F76F791ED909}"
EndProject
Project("{9A19103F-16F7-4668-BE54-9A1E7A4F7556}") = "ModuleCommons.HttpApi.Client", "srcModuleCommons\ModuleCommons.HttpApi.Client\ModuleCommons.HttpApi.Client.csproj", "{C3749F98-B265-46E1-A562-0555E6845064}"
EndProject
Project("{9A19103F-16F7-4668-BE54-9A1E7A4F7556}") = "ModuleCommons.Application.Contracts", "srcModuleCommons\ModuleCommons.Application.Contracts\ModuleCommons.Application.Contracts.csproj", "{8093A7A3-077D-434E-A1CB-86A17BCF4970}"
EndProject
Global
	GlobalSection(SolutionConfigurationPlatforms) = preSolution
		Debug|Any CPU = Debug|Any CPU
		Release|Any CPU = Release|Any CPU
	EndGlobalSection
	GlobalSection(ProjectConfigurationPlatforms) = postSolution
		{1A94A50E-06DC-43C1-80B5-B662820EC3EB}.Debug|Any CPU.ActiveCfg = Debug|Any CPU
		{1A94A50E-06DC-43C1-80B5-B662820EC3EB}.Debug|Any CPU.Build.0 = Debug|Any CPU
		{1A94A50E-06DC-43C1-80B5-B662820EC3EB}.Release|Any CPU.ActiveCfg = Release|Any CPU
		{1A94A50E-06DC-43C1-80B5-B662820EC3EB}.Release|Any CPU.Build.0 = Release|Any CPU
		{520659C8-C734-4298-A3DA-B539DB9DFC0B}.Debug|Any CPU.ActiveCfg = Debug|Any CPU
		{520659C8-C734-4298-A3DA-B539DB9DFC0B}.Debug|Any CPU.Build.0 = Debug|Any CPU
		{520659C8-C734-4298-A3DA-B539DB9DFC0B}.Release|Any CPU.ActiveCfg = Release|Any CPU
		{520659C8-C734-4298-A3DA-B539DB9DFC0B}.Release|Any CPU.Build.0 = Release|Any CPU
		{4164BDF7-F527-4E85-9CE6-E3C2D7426A27}.Debug|Any CPU.ActiveCfg = Debug|Any CPU
		{4164BDF7-F527-4E85-9CE6-E3C2D7426A27}.Debug|Any CPU.Build.0 = Debug|Any CPU
		{4164BDF7-F527-4E85-9CE6-E3C2D7426A27}.Release|Any CPU.ActiveCfg = Release|Any CPU
		{4164BDF7-F527-4E85-9CE6-E3C2D7426A27}.Release|Any CPU.Build.0 = Release|Any CPU
		{E6D5BF0E-DE92-4D82-A352-EF04B37CB11C}.Debug|Any CPU.ActiveCfg = Debug|Any CPU
		{E6D5BF0E-DE92-4D82-A352-EF04B37CB11C}.Debug|Any CPU.Build.0 = Debug|Any CPU
		{E6D5BF0E-DE92-4D82-A352-EF04B37CB11C}.Release|Any CPU.ActiveCfg = Release|Any CPU
		{E6D5BF0E-DE92-4D82-A352-EF04B37CB11C}.Release|Any CPU.Build.0 = Release|Any CPU
		{770D5CE8-B39E-4A2F-AA6A-7952984103E2}.Debug|Any CPU.ActiveCfg = Debug|Any CPU
		{770D5CE8-B39E-4A2F-AA6A-7952984103E2}.Debug|Any CPU.Build.0 = Debug|Any CPU
		{770D5CE8-B39E-4A2F-AA6A-7952984103E2}.Release|Any CPU.ActiveCfg = Release|Any CPU
		{770D5CE8-B39E-4A2F-AA6A-7952984103E2}.Release|Any CPU.Build.0 = Release|Any CPU
		{B8034F9F-C228-4727-B569-E3CD95E60457}.Debug|Any CPU.ActiveCfg = Debug|Any CPU
		{B8034F9F-C228-4727-B569-E3CD95E60457}.Debug|Any CPU.Build.0 = Debug|Any CPU
		{B8034F9F-C228-4727-B569-E3CD95E60457}.Release|Any CPU.ActiveCfg = Release|Any CPU
		{B8034F9F-C228-4727-B569-E3CD95E60457}.Release|Any CPU.Build.0 = Release|Any CPU
		{3435AFC6-8303-48C1-A148-6B335B6DB746}.Debug|Any CPU.ActiveCfg = Debug|Any CPU
		{3435AFC6-8303-48C1-A148-6B335B6DB746}.Debug|Any CPU.Build.0 = Debug|Any CPU
		{3435AFC6-8303-48C1-A148-6B335B6DB746}.Release|Any CPU.ActiveCfg = Release|Any CPU
		{3435AFC6-8303-48C1-A148-6B335B6DB746}.Release|Any CPU.Build.0 = Release|Any CPU
		{966D38F8-9E35-468F-A2FF-80789554145A}.Debug|Any CPU.ActiveCfg = Debug|Any CPU
		{966D38F8-9E35-468F-A2FF-80789554145A}.Debug|Any CPU.Build.0 = Debug|Any CPU
		{966D38F8-9E35-468F-A2FF-80789554145A}.Release|Any CPU.ActiveCfg = Release|Any CPU
		{966D38F8-9E35-468F-A2FF-80789554145A}.Release|Any CPU.Build.0 = Release|Any CPU
		{27E11CCB-58A8-4016-B5EB-D9F03D1250EC}.Debug|Any CPU.ActiveCfg = Debug|Any CPU
		{27E11CCB-58A8-4016-B5EB-D9F03D1250EC}.Debug|Any CPU.Build.0 = Debug|Any CPU
		{27E11CCB-58A8-4016-B5EB-D9F03D1250EC}.Release|Any CPU.ActiveCfg = Release|Any CPU
		{27E11CCB-58A8-4016-B5EB-D9F03D1250EC}.Release|Any CPU.Build.0 = Release|Any CPU
		{AC3A2B5F-289B-471D-85BE-F4B3805421A2}.Debug|Any CPU.ActiveCfg = Debug|Any CPU
		{AC3A2B5F-289B-471D-85BE-F4B3805421A2}.Debug|Any CPU.Build.0 = Debug|Any CPU
		{AC3A2B5F-289B-471D-85BE-F4B3805421A2}.Release|Any CPU.ActiveCfg = Release|Any CPU
		{AC3A2B5F-289B-471D-85BE-F4B3805421A2}.Release|Any CPU.Build.0 = Release|Any CPU
		{745ED4B7-9E92-4BDC-BF28-40A936C0A92E}.Debug|Any CPU.ActiveCfg = Debug|Any CPU
		{745ED4B7-9E92-4BDC-BF28-40A936C0A92E}.Debug|Any CPU.Build.0 = Debug|Any CPU
		{745ED4B7-9E92-4BDC-BF28-40A936C0A92E}.Release|Any CPU.ActiveCfg = Release|Any CPU
		{745ED4B7-9E92-4BDC-BF28-40A936C0A92E}.Release|Any CPU.Build.0 = Release|Any CPU
		{A25820B9-677A-47C1-A2E0-9B37CF5BFB44}.Debug|Any CPU.ActiveCfg = Debug|Any CPU
		{A25820B9-677A-47C1-A2E0-9B37CF5BFB44}.Debug|Any CPU.Build.0 = Debug|Any CPU
		{A25820B9-677A-47C1-A2E0-9B37CF5BFB44}.Release|Any CPU.ActiveCfg = Release|Any CPU
		{A25820B9-677A-47C1-A2E0-9B37CF5BFB44}.Release|Any CPU.Build.0 = Release|Any CPU
		{36046582-806B-41F4-AE1C-98A8611998C9}.Debug|Any CPU.ActiveCfg = Debug|Any CPU
		{36046582-806B-41F4-AE1C-98A8611998C9}.Debug|Any CPU.Build.0 = Debug|Any CPU
		{36046582-806B-41F4-AE1C-98A8611998C9}.Release|Any CPU.ActiveCfg = Release|Any CPU
		{36046582-806B-41F4-AE1C-98A8611998C9}.Release|Any CPU.Build.0 = Release|Any CPU
		{F78D86A9-9350-4F87-A06E-A23CDCBA849C}.Debug|Any CPU.ActiveCfg = Debug|Any CPU
		{F78D86A9-9350-4F87-A06E-A23CDCBA849C}.Debug|Any CPU.Build.0 = Debug|Any CPU
		{F78D86A9-9350-4F87-A06E-A23CDCBA849C}.Release|Any CPU.ActiveCfg = Release|Any CPU
		{F78D86A9-9350-4F87-A06E-A23CDCBA849C}.Release|Any CPU.Build.0 = Release|Any CPU
		{6273BCFB-237D-45A0-ACAF-F76F791ED909}.Debug|Any CPU.ActiveCfg = Debug|Any CPU
		{6273BCFB-237D-45A0-ACAF-F76F791ED909}.Debug|Any CPU.Build.0 = Debug|Any CPU
		{6273BCFB-237D-45A0-ACAF-F76F791ED909}.Release|Any CPU.ActiveCfg = Release|Any CPU
		{6273BCFB-237D-45A0-ACAF-F76F791ED909}.Release|Any CPU.Build.0 = Release|Any CPU
		{C3749F98-B265-46E1-A562-0555E6845064}.Debug|Any CPU.ActiveCfg = Debug|Any CPU
		{C3749F98-B265-46E1-A562-0555E6845064}.Debug|Any CPU.Build.0 = Debug|Any CPU
		{C3749F98-B265-46E1-A562-0555E6845064}.Release|Any CPU.ActiveCfg = Release|Any CPU
		{C3749F98-B265-46E1-A562-0555E6845064}.Release|Any CPU.Build.0 = Release|Any CPU
		{8093A7A3-077D-434E-A1CB-86A17BCF4970}.Debug|Any CPU.ActiveCfg = Debug|Any CPU
		{8093A7A3-077D-434E-A1CB-86A17BCF4970}.Debug|Any CPU.Build.0 = Debug|Any CPU
		{8093A7A3-077D-434E-A1CB-86A17BCF4970}.Release|Any CPU.ActiveCfg = Release|Any CPU
		{8093A7A3-077D-434E-A1CB-86A17BCF4970}.Release|Any CPU.Build.0 = Release|Any CPU
	EndGlobalSection
	GlobalSection(SolutionProperties) = preSolution
		HideSolutionNode = FALSE
	EndGlobalSection
	GlobalSection(NestedProjects) = preSolution
		{1A94A50E-06DC-43C1-80B5-B662820EC3EB} = {CA9AC87F-097E-4F15-8393-4BC07735A5B0}
		{520659C8-C734-4298-A3DA-B539DB9DFC0B} = {CA9AC87F-097E-4F15-8393-4BC07735A5B0}
		{4164BDF7-F527-4E85-9CE6-E3C2D7426A27} = {CA9AC87F-097E-4F15-8393-4BC07735A5B0}
		{E6D5BF0E-DE92-4D82-A352-EF04B37CB11C} = {CA9AC87F-097E-4F15-8393-4BC07735A5B0}
		{770D5CE8-B39E-4A2F-AA6A-7952984103E2} = {265E307A-6FFB-44F4-9652-347D2E02FB15}
		{B8034F9F-C228-4727-B569-E3CD95E60457} = {265E307A-6FFB-44F4-9652-347D2E02FB15}
		{3435AFC6-8303-48C1-A148-6B335B6DB746} = {265E307A-6FFB-44F4-9652-347D2E02FB15}
		{966D38F8-9E35-468F-A2FF-80789554145A} = {265E307A-6FFB-44F4-9652-347D2E02FB15}
		{27E11CCB-58A8-4016-B5EB-D9F03D1250EC} = {265E307A-6FFB-44F4-9652-347D2E02FB15}
		{AC3A2B5F-289B-471D-85BE-F4B3805421A2} = {C9D3E7E4-CB57-4429-8D16-D1B4DB8ADE07}
		{745ED4B7-9E92-4BDC-BF28-40A936C0A92E} = {C9D3E7E4-CB57-4429-8D16-D1B4DB8ADE07}
		{A25820B9-677A-47C1-A2E0-9B37CF5BFB44} = {C9D3E7E4-CB57-4429-8D16-D1B4DB8ADE07}
		{36046582-806B-41F4-AE1C-98A8611998C9} = {C9D3E7E4-CB57-4429-8D16-D1B4DB8ADE07}
		{F78D86A9-9350-4F87-A06E-A23CDCBA849C} = {C9D3E7E4-CB57-4429-8D16-D1B4DB8ADE07}
		{6273BCFB-237D-45A0-ACAF-F76F791ED909} = {CA9AC87F-097E-4F15-8393-4BC07735A5B0}
		{C3749F98-B265-46E1-A562-0555E6845064} = {BC7067FF-52C7-49F7-B580-749F4B221720}
		{8093A7A3-077D-434E-A1CB-86A17BCF4970} = {BC7067FF-52C7-49F7-B580-749F4B221720}
	EndGlobalSection
	GlobalSection(ExtensibilityGlobals) = postSolution
		SolutionGuid = {28315BFD-90E7-4E14-A2EA-F3D23AF4126F}
	EndGlobalSection
EndGlobal
